
Microsoft Visual Studio Solution File, Format Version 12.00
# Visual Studio Version 16
VisualStudioVersion = 16.0.30309.148
MinimumVisualStudioVersion = 10.0.40219.1
Project("{9A19103F-16F7-4668-BE54-9A1E7A4F7556}") = "kw1281test", "kw1281test.csproj", "{D23B5DEA-7024-4346-9E4E-5B77F63B6DC1}"
EndProject
Global
	GlobalSection(SolutionConfigurationPlatforms) = preSolution
		Debug|Any CPU = Debug|Any CPU
		Linux|Any CPU = Linux|Any CPU
		macOS|Any CPU = macOS|Any CPU
		Release|Any CPU = Release|Any CPU
	EndGlobalSection
	GlobalSection(ProjectConfigurationPlatforms) = postSolution
		{D23B5DEA-7024-4346-9E4E-5B77F63B6DC1}.Debug|Any CPU.ActiveCfg = Debug|Any CPU
		{D23B5DEA-7024-4346-9E4E-5B77F63B6DC1}.Debug|Any CPU.Build.0 = Debug|Any CPU
		{D23B5DEA-7024-4346-9E4E-5B77F63B6DC1}.Linux|Any CPU.ActiveCfg = Linux|Any CPU
		{D23B5DEA-7024-4346-9E4E-5B77F63B6DC1}.Linux|Any CPU.Build.0 = Linux|Any CPU
		{D23B5DEA-7024-4346-9E4E-5B77F63B6DC1}.macOS|Any CPU.ActiveCfg = macOS|Any CPU
		{D23B5DEA-7024-4346-9E4E-5B77F63B6DC1}.macOS|Any CPU.Build.0 = macOS|Any CPU
		{D23B5DEA-7024-4346-9E4E-5B77F63B6DC1}.Release|Any CPU.ActiveCfg = Release|Any CPU
		{D23B5DEA-7024-4346-9E4E-5B77F63B6DC1}.Release|Any CPU.Build.0 = Release|Any CPU
	EndGlobalSection
	GlobalSection(SolutionProperties) = preSolution
		HideSolutionNode = FALSE
	EndGlobalSection
	GlobalSection(ExtensibilityGlobals) = postSolution
		SolutionGuid = {05857BDD-F17E-4886-A663-A322D009EA8F}
	EndGlobalSection
EndGlobal
